// !$*UTF8*$!
{
	archiveVersion = 1;
	classes = {
	};
	objectVersion = 77;
	objects = {

/* Begin PBXContainerItemProxy section */
		9FB961E72DDA47DF001BF49C /* PBXContainerItemProxy */ = {
			isa = PBXContainerItemProxy;
			containerPortal = 9FB961CD2DDA47DC001BF49C /* Project object */;
			proxyType = 1;
			remoteGlobalIDString = 9FB961D42DDA47DC001BF49C;
			remoteInfo = "time-slice";
		};
		9FB961F12DDA47DF001BF49C /* PBXContainerItemProxy */ = {
			isa = PBXContainerItemProxy;
			containerPortal = 9FB961CD2DDA47DC001BF49C /* Project object */;
			proxyType = 1;
			remoteGlobalIDString = 9FB961D42DDA47DC001BF49C;
			remoteInfo = "time-slice";
		};
/* End PBXContainerItemProxy section */

/* Begin PBXFileReference section */
		9FB961D52DDA47DC001BF49C /* time-slice.app */ = {isa = PBXFileReference; explicitFileType = wrapper.application; includeInIndex = 0; path = "time-slice.app"; sourceTree = BUILT_PRODUCTS_DIR; };
		9FB961E62DDA47DF001BF49C /* time-sliceTests.xctest */ = {isa = PBXFileReference; explicitFileType = wrapper.cfbundle; includeInIndex = 0; path = "time-sliceTests.xctest"; sourceTree = BUILT_PRODUCTS_DIR; };
		9FB961F02DDA47DF001BF49C /* time-sliceUITests.xctest */ = {isa = PBXFileReference; explicitFileType = wrapper.cfbundle; includeInIndex = 0; path = "time-sliceUITests.xctest"; sourceTree = BUILT_PRODUCTS_DIR; };
/* End PBXFileReference section */

/* Begin PBXFileSystemSynchronizedRootGroup section */
		9FB961D72DDA47DC001BF49C /* time-slice */ = {
			isa = PBXFileSystemSynchronizedRootGroup;
			path = "time-slice";
			sourceTree = "<group>";
		};
		9FB961E92DDA47DF001BF49C /* time-sliceTests */ = {
			isa = PBXFileSystemSynchronizedRootGroup;
			path = "time-sliceTests";
			sourceTree = "<group>";
		};
		9FB961F32DDA47DF001BF49C /* time-sliceUITests */ = {
			isa = PBXFileSystemSynchronizedRootGroup;
			path = "time-sliceUITests";
			sourceTree = "<group>";
		};
/* End PBXFileSystemSynchronizedRootGroup section */

/* Begin PBXFrameworksBuildPhase section */
		9FB961D22DDA47DC001BF49C /* Frameworks */ = {
			isa = PBXFrameworksBuildPhase;
			buildActionMask = 2147483647;
			files = (
			);
			runOnlyForDeploymentPostprocessing = 0;
		};
		9FB961E32DDA47DF001BF49C /* Frameworks */ = {
			isa = PBXFrameworksBuildPhase;
			buildActionMask = 2147483647;
			files = (
			);
			runOnlyForDeploymentPostprocessing = 0;
		};
		9FB961ED2DDA47DF001BF49C /* Frameworks */ = {
			isa = PBXFrameworksBuildPhase;
			buildActionMask = 2147483647;
			files = (
			);
			runOnlyForDeploymentPostprocessing = 0;
		};
/* End PBXFrameworksBuildPhase section */

/* Begin PBXGroup section */
		9FB961CC2DDA47DC001BF49C = {
			isa = PBXGroup;
			children = (
				9FB961D72DDA47DC001BF49C /* time-slice */,
				9FB961E92DDA47DF001BF49C /* time-sliceTests */,
				9FB961F32DDA47DF001BF49C /* time-sliceUITests */,
				9FB961D62DDA47DC001BF49C /* Products */,
			);
			sourceTree = "<group>";
		};
		9FB961D62DDA47DC001BF49C /* Products */ = {
			isa = PBXGroup;
			children = (
				9FB961D52DDA47DC001BF49C /* time-slice.app */,
				9FB961E62DDA47DF001BF49C /* time-sliceTests.xctest */,
				9FB961F02DDA47DF001BF49C /* time-sliceUITests.xctest */,
			);
			name = Products;
			sourceTree = "<group>";
		};
/* End PBXGroup section */

/* Begin PBXNativeTarget section */
		9FB961D42DDA47DC001BF49C /* time-slice */ = {
			isa = PBXNativeTarget;
			buildConfigurationList = 9FB961FA2DDA47DF001BF49C /* Build configuration list for PBXNativeTarget "time-slice" */;
			buildPhases = (
				9FB961D12DDA47DC001BF49C /* Sources */,
				9FB961D22DDA47DC001BF49C /* Frameworks */,
				9FB961D32DDA47DC001BF49C /* Resources */,
			);
			buildRules = (
			);
			dependencies = (
			);
			fileSystemSynchronizedGroups = (
				9FB961D72DDA47DC001BF49C /* time-slice */,
			);
			name = "time-slice";
			packageProductDependencies = (
			);
			productName = "time-slice";
			productReference = 9FB961D52DDA47DC001BF49C /* time-slice.app */;
			productType = "com.apple.product-type.application";
		};
		9FB961E52DDA47DF001BF49C /* time-sliceTests */ = {
			isa = PBXNativeTarget;
			buildConfigurationList = 9FB961FD2DDA47DF001BF49C /* Build configuration list for PBXNativeTarget "time-sliceTests" */;
			buildPhases = (
				9FB961E22DDA47DF001BF49C /* Sources */,
				9FB961E32DDA47DF001BF49C /* Frameworks */,
				9FB961E42DDA47DF001BF49C /* Resources */,
			);
			buildRules = (
			);
			dependencies = (
				9FB961E82DDA47DF001BF49C /* PBXTargetDependency */,
			);
			fileSystemSynchronizedGroups = (
				9FB961E92DDA47DF001BF49C /* time-sliceTests */,
			);
			name = "time-sliceTests";
			packageProductDependencies = (
			);
			productName = "time-sliceTests";
			productReference = 9FB961E62DDA47DF001BF49C /* time-sliceTests.xctest */;
			productType = "com.apple.product-type.bundle.unit-test";
		};
		9FB961EF2DDA47DF001BF49C /* time-sliceUITests */ = {
			isa = PBXNativeTarget;
			buildConfigurationList = 9FB962002DDA47DF001BF49C /* Build configuration list for PBXNativeTarget "time-sliceUITests" */;
			buildPhases = (
				9FB961EC2DDA47DF001BF49C /* Sources */,
				9FB961ED2DDA47DF001BF49C /* Frameworks */,
				9FB961EE2DDA47DF001BF49C /* Resources */,
			);
			buildRules = (
			);
			dependencies = (
				9FB961F22DDA47DF001BF49C /* PBXTargetDependency */,
			);
			fileSystemSynchronizedGroups = (
				9FB961F32DDA47DF001BF49C /* time-sliceUITests */,
			);
			name = "time-sliceUITests";
			packageProductDependencies = (
			);
			productName = "time-sliceUITests";
			productReference = 9FB961F02DDA47DF001BF49C /* time-sliceUITests.xctest */;
			productType = "com.apple.product-type.bundle.ui-testing";
		};
/* End PBXNativeTarget section */

/* Begin PBXProject section */
		9FB961CD2DDA47DC001BF49C /* Project object */ = {
			isa = PBXProject;
			attributes = {
				BuildIndependentTargetsInParallel = 1;
				LastSwiftUpdateCheck = 1620;
				LastUpgradeCheck = 1620;
				TargetAttributes = {
					9FB961D42DDA47DC001BF49C = {
						CreatedOnToolsVersion = 16.2;
					};
					9FB961E52DDA47DF001BF49C = {
						CreatedOnToolsVersion = 16.2;
						TestTargetID = 9FB961D42DDA47DC001BF49C;
					};
					9FB961EF2DDA47DF001BF49C = {
						CreatedOnToolsVersion = 16.2;
						TestTargetID = 9FB961D42DDA47DC001BF49C;
					};
				};
			};
			buildConfigurationList = 9FB961D02DDA47DC001BF49C /* Build configuration list for PBXProject "time-slice" */;
			developmentRegion = en;
			hasScannedForEncodings = 0;
			knownRegions = (
				en,
				Base,
			);
			mainGroup = 9FB961CC2DDA47DC001BF49C;
			minimizedProjectReferenceProxies = 1;
			preferredProjectObjectVersion = 77;
			productRefGroup = 9FB961D62DDA47DC001BF49C /* Products */;
			projectDirPath = "";
			projectRoot = "";
			targets = (
				9FB961D42DDA47DC001BF49C /* time-slice */,
				9FB961E52DDA47DF001BF49C /* time-sliceTests */,
				9FB961EF2DDA47DF001BF49C /* time-sliceUITests */,
			);
		};
/* End PBXProject section */

/* Begin PBXResourcesBuildPhase section */
		9FB961D32DDA47DC001BF49C /* Resources */ = {
			isa = PBXResourcesBuildPhase;
			buildActionMask = 2147483647;
			files = (
			);
			runOnlyForDeploymentPostprocessing = 0;
		};
		9FB961E42DDA47DF001BF49C /* Resources */ = {
			isa = PBXResourcesBuildPhase;
			buildActionMask = 2147483647;
			files = (
			);
			runOnlyForDeploymentPostprocessing = 0;
		};
		9FB961EE2DDA47DF001BF49C /* Resources */ = {
			isa = PBXResourcesBuildPhase;
			buildActionMask = 2147483647;
			files = (
			);
			runOnlyForDeploymentPostprocessing = 0;
		};
/* End PBXResourcesBuildPhase section */

/* Begin PBXSourcesBuildPhase section */
		9FB961D12DDA47DC001BF49C /* Sources */ = {
			isa = PBXSourcesBuildPhase;
			buildActionMask = 2147483647;
			files = (
			);
			runOnlyForDeploymentPostprocessing = 0;
		};
		9FB961E22DDA47DF001BF49C /* Sources */ = {
			isa = PBXSourcesBuildPhase;
			buildActionMask = 2147483647;
			files = (
			);
			runOnlyForDeploymentPostprocessing = 0;
		};
		9FB961EC2DDA47DF001BF49C /* Sources */ = {
			isa = PBXSourcesBuildPhase;
			buildActionMask = 2147483647;
			files = (
			);
			runOnlyForDeploymentPostprocessing = 0;
		};
/* End PBXSourcesBuildPhase section */

/* Begin PBXTargetDependency section */
		9FB961E82DDA47DF001BF49C /* PBXTargetDependency */ = {
			isa = PBXTargetDependency;
			target = 9FB961D42DDA47DC001BF49C /* time-slice */;
			targetProxy = 9FB961E72DDA47DF001BF49C /* PBXContainerItemProxy */;
		};
		9FB961F22DDA47DF001BF49C /* PBXTargetDependency */ = {
			isa = PBXTargetDependency;
			target = 9FB961D42DDA47DC001BF49C /* time-slice */;
			targetProxy = 9FB961F12DDA47DF001BF49C /* PBXContainerItemProxy */;
		};
/* End PBXTargetDependency section */

/* Begin XCBuildConfiguration section */
		9FB961F82DDA47DF001BF49C /* Debug */ = {
			isa = XCBuildConfiguration;
			buildSettings = {
				ALWAYS_SEARCH_USER_PATHS = NO;
				ASSETCATALOG_COMPILER_GENERATE_SWIFT_ASSET_SYMBOL_EXTENSIONS = YES;
				CLANG_ANALYZER_NONNULL = YES;
				CLANG_ANALYZER_NUMBER_OBJECT_CONVERSION = YES_AGGRESSIVE;
				CLANG_CXX_LANGUAGE_STANDARD = "gnu++20";
				CLANG_ENABLE_MODULES = YES;
				CLANG_ENABLE_OBJC_ARC = YES;
				CLANG_ENABLE_OBJC_WEAK = YES;
				CLANG_WARN_BLOCK_CAPTURE_AUTORELEASING = YES;
				CLANG_WARN_BOOL_CONVERSION = YES;
				CLANG_WARN_COMMA = YES;
				CLANG_WARN_CONSTANT_CONVERSION = YES;
				CLANG_WARN_DEPRECATED_OBJC_IMPLEMENTATIONS = YES;
				CLANG_WARN_DIRECT_OBJC_ISA_USAGE = YES_ERROR;
				CLANG_WARN_DOCUMENTATION_COMMENTS = YES;
				CLANG_WARN_EMPTY_BODY = YES;
				CLANG_WARN_ENUM_CONVERSION = YES;
				CLANG_WARN_INFINITE_RECURSION = YES;
				CLANG_WARN_INT_CONVERSION = YES;
				CLANG_WARN_NON_LITERAL_NULL_CONVERSION = YES;
				CLANG_WARN_OBJC_IMPLICIT_RETAIN_SELF = YES;
				CLANG_WARN_OBJC_LITERAL_CONVERSION = YES;
				CLANG_WARN_OBJC_ROOT_CLASS = YES_ERROR;
				CLANG_WARN_QUOTED_INCLUDE_IN_FRAMEWORK_HEADER = YES;
				CLANG_WARN_RANGE_LOOP_ANALYSIS = YES;
				CLANG_WARN_STRICT_PROTOTYPES = YES;
				CLANG_WARN_SUSPICIOUS_MOVE = YES;
				CLANG_WARN_UNGUARDED_AVAILABILITY = YES_AGGRESSIVE;
				CLANG_WARN_UNREACHABLE_CODE = YES;
				CLANG_WARN__DUPLICATE_METHOD_MATCH = YES;
				COPY_PHASE_STRIP = NO;
				DEBUG_INFORMATION_FORMAT = dwarf;
				ENABLE_STRICT_OBJC_MSGSEND = YES;
				ENABLE_TESTABILITY = YES;
				ENABLE_USER_SCRIPT_SANDBOXING = YES;
				GCC_C_LANGUAGE_STANDARD = gnu17;
				GCC_DYNAMIC_NO_PIC = NO;
				GCC_NO_COMMON_BLOCKS = YES;
				GCC_OPTIMIZATION_LEVEL = 0;
				GCC_PREPROCESSOR_DEFINITIONS = (
					"DEBUG=1",
					"$(inherited)",
				);
				GCC_WARN_64_TO_32_BIT_CONVERSION = YES;
				GCC_WARN_ABOUT_RETURN_TYPE = YES_ERROR;
				GCC_WARN_UNDECLARED_SELECTOR = YES;
				GCC_WARN_UNINITIALIZED_AUTOS = YES_AGGRESSIVE;
				GCC_WARN_UNUSED_FUNCTION = YES;
				GCC_WARN_UNUSED_VARIABLE = YES;
				LOCALIZATION_PREFERS_STRING_CATALOGS = YES;
				MACOSX_DEPLOYMENT_TARGET = 15.2;
				MTL_ENABLE_DEBUG_INFO = INCLUDE_SOURCE;
				MTL_FAST_MATH = YES;
				ONLY_ACTIVE_ARCH = YES;
				SDKROOT = macosx;
				SWIFT_ACTIVE_COMPILATION_CONDITIONS = "DEBUG $(inherited)";
				SWIFT_OPTIMIZATION_LEVEL = "-Onone";
			};
			name = Debug;
		};
		9FB961F92DDA47DF001BF49C /* Release */ = {
			isa = XCBuildConfiguration;
			buildSettings = {
				ALWAYS_SEARCH_USER_PATHS = NO;
				ASSETCATALOG_COMPILER_GENERATE_SWIFT_ASSET_SYMBOL_EXTENSIONS = YES;
				CLANG_ANALYZER_NONNULL = YES;
				CLANG_ANALYZER_NUMBER_OBJECT_CONVERSION = YES_AGGRESSIVE;
				CLANG_CXX_LANGUAGE_STANDARD = "gnu++20";
				CLANG_ENABLE_MODULES = YES;
				CLANG_ENABLE_OBJC_ARC = YES;
				CLANG_ENABLE_OBJC_WEAK = YES;
				CLANG_WARN_BLOCK_CAPTURE_AUTORELEASING = YES;
				CLANG_WARN_BOOL_CONVERSION = YES;
				CLANG_WARN_COMMA = YES;
				CLANG_WARN_CONSTANT_CONVERSION = YES;
				CLANG_WARN_DEPRECATED_OBJC_IMPLEMENTATIONS = YES;
				CLANG_WARN_DIRECT_OBJC_ISA_USAGE = YES_ERROR;
				CLANG_WARN_DOCUMENTATION_COMMENTS = YES;
				CLANG_WARN_EMPTY_BODY = YES;
				CLANG_WARN_ENUM_CONVERSION = YES;
				CLANG_WARN_INFINITE_RECURSION = YES;
				CLANG_WARN_INT_CONVERSION = YES;
				CLANG_WARN_NON_LITERAL_NULL_CONVERSION = YES;
				CLANG_WARN_OBJC_IMPLICIT_RETAIN_SELF = YES;
				CLANG_WARN_OBJC_LITERAL_CONVERSION = YES;
				CLANG_WARN_OBJC_ROOT_CLASS = YES_ERROR;
				CLANG_WARN_QUOTED_INCLUDE_IN_FRAMEWORK_HEADER = YES;
				CLANG_WARN_RANGE_LOOP_ANALYSIS = YES;
				CLANG_WARN_STRICT_PROTOTYPES = YES;
				CLANG_WARN_SUSPICIOUS_MOVE = YES;
				CLANG_WARN_UNGUARDED_AVAILABILITY = YES_AGGRESSIVE;
				CLANG_WARN_UNREACHABLE_CODE = YES;
				CLANG_WARN__DUPLICATE_METHOD_MATCH = YES;
				COPY_PHASE_STRIP = NO;
				DEBUG_INFORMATION_FORMAT = "dwarf-with-dsym";
				ENABLE_NS_ASSERTIONS = NO;
				ENABLE_STRICT_OBJC_MSGSEND = YES;
				ENABLE_USER_SCRIPT_SANDBOXING = YES;
				GCC_C_LANGUAGE_STANDARD = gnu17;
				GCC_NO_COMMON_BLOCKS = YES;
				GCC_WARN_64_TO_32_BIT_CONVERSION = YES;
				GCC_WARN_ABOUT_RETURN_TYPE = YES_ERROR;
				GCC_WARN_UNDECLARED_SELECTOR = YES;
				GCC_WARN_UNINITIALIZED_AUTOS = YES_AGGRESSIVE;
				GCC_WARN_UNUSED_FUNCTION = YES;
				GCC_WARN_UNUSED_VARIABLE = YES;
				LOCALIZATION_PREFERS_STRING_CATALOGS = YES;
				MACOSX_DEPLOYMENT_TARGET = 15.2;
				MTL_ENABLE_DEBUG_INFO = NO;
				MTL_FAST_MATH = YES;
				SDKROOT = macosx;
				SWIFT_COMPILATION_MODE = wholemodule;
			};
			name = Release;
		};
		9FB961FB2DDA47DF001BF49C /* Debug */ = {
			isa = XCBuildConfiguration;
			buildSettings = {
				ASSETCATALOG_COMPILER_APPICON_NAME = AppIcon;
				ASSETCATALOG_COMPILER_GLOBAL_ACCENT_COLOR_NAME = AccentColor;
				CODE_SIGN_ENTITLEMENTS = "time-slice/time_slice.entitlements";
				CODE_SIGN_STYLE = Automatic;
				COMBINE_HIDPI_IMAGES = YES;
				CURRENT_PROJECT_VERSION = 1;
				DEVELOPMENT_ASSET_PATHS = "\"time-slice/Preview Content\"";
				ENABLE_PREVIEWS = YES;
				GENERATE_INFOPLIST_FILE = YES;
				INFOPLIST_KEY_NSHumanReadableCopyright = "";
				LD_RUNPATH_SEARCH_PATHS = (
					"$(inherited)",
					"@executable_path/../Frameworks",
				);
				MARKETING_VERSION = 1.0;
				PRODUCT_BUNDLE_IDENTIFIER = "time-slice.time-slice";
				PRODUCT_NAME = "$(TARGET_NAME)";
				SWIFT_EMIT_LOC_STRINGS = YES;
				SWIFT_VERSION = 5.0;
			};
			name = Debug;
		};
		9FB961FC2DDA47DF001BF49C /* Release */ = {
			isa = XCBuildConfiguration;
			buildSettings = {
				ASSETCATALOG_COMPILER_APPICON_NAME = AppIcon;
				ASSETCATALOG_COMPILER_GLOBAL_ACCENT_COLOR_NAME = AccentColor;
				CODE_SIGN_ENTITLEMENTS = "time-slice/time_slice.entitlements";
				CODE_SIGN_STYLE = Automatic;
				COMBINE_HIDPI_IMAGES = YES;
				CURRENT_PROJECT_VERSION = 1;
				DEVELOPMENT_ASSET_PATHS = "\"time-slice/Preview Content\"";
				ENABLE_PREVIEWS = YES;
				GENERATE_INFOPLIST_FILE = YES;
				INFOPLIST_KEY_NSHumanReadableCopyright = "";
				LD_RUNPATH_SEARCH_PATHS = (
					"$(inherited)",
					"@executable_path/../Frameworks",
				);
				MARKETING_VERSION = 1.0;
				PRODUCT_BUNDLE_IDENTIFIER = "time-slice.time-slice";
				PRODUCT_NAME = "$(TARGET_NAME)";
				SWIFT_EMIT_LOC_STRINGS = YES;
				SWIFT_VERSION = 5.0;
			};
			name = Release;
		};
		9FB961FE2DDA47DF001BF49C /* Debug */ = {
			isa = XCBuildConfiguration;
			buildSettings = {
				BUNDLE_LOADER = "$(TEST_HOST)";
				CODE_SIGN_STYLE = Automatic;
				CURRENT_PROJECT_VERSION = 1;
				GENERATE_INFOPLIST_FILE = YES;
				MACOSX_DEPLOYMENT_TARGET = 15.2;
				MARKETING_VERSION = 1.0;
				PRODUCT_BUNDLE_IDENTIFIER = "time-slice.time-sliceTests";
				PRODUCT_NAME = "$(TARGET_NAME)";
				SWIFT_EMIT_LOC_STRINGS = NO;
				SWIFT_VERSION = 5.0;
				TEST_HOST = "$(BUILT_PRODUCTS_DIR)/time-slice.app/$(BUNDLE_EXECUTABLE_FOLDER_PATH)/time-slice";
			};
			name = Debug;
		};
		9FB961FF2DDA47DF001BF49C /* Release */ = {
			isa = XCBuildConfiguration;
			buildSettings = {
				BUNDLE_LOADER = "$(TEST_HOST)";
				CODE_SIGN_STYLE = Automatic;
				CURRENT_PROJECT_VERSION = 1;
				GENERATE_INFOPLIST_FILE = YES;
				MACOSX_DEPLOYMENT_TARGET = 15.2;
				MARKETING_VERSION = 1.0;
				PRODUCT_BUNDLE_IDENTIFIER = "time-slice.time-sliceTests";
				PRODUCT_NAME = "$(TARGET_NAME)";
				SWIFT_EMIT_LOC_STRINGS = NO;
				SWIFT_VERSION = 5.0;
				TEST_HOST = "$(BUILT_PRODUCTS_DIR)/time-slice.app/$(BUNDLE_EXECUTABLE_FOLDER_PATH)/time-slice";
			};
			name = Release;
		};
		9FB962012DDA47DF001BF49C /* Debug */ = {
			isa = XCBuildConfiguration;
			buildSettings = {
				CODE_SIGN_STYLE = Automatic;
				CURRENT_PROJECT_VERSION = 1;
				GENERATE_INFOPLIST_FILE = YES;
				MARKETING_VERSION = 1.0;
				PRODUCT_BUNDLE_IDENTIFIER = "time-slice.time-sliceUITests";
				PRODUCT_NAME = "$(TARGET_NAME)";
				SWIFT_EMIT_LOC_STRINGS = NO;
				SWIFT_VERSION = 5.0;
				TEST_TARGET_NAME = "time-slice";
			};
			name = Debug;
		};
		9FB962022DDA47DF001BF49C /* Release */ = {
			isa = XCBuildConfiguration;
			buildSettings = {
				CODE_SIGN_STYLE = Automatic;
				CURRENT_PROJECT_VERSION = 1;
				GENERATE_INFOPLIST_FILE = YES;
				MARKETING_VERSION = 1.0;
				PRODUCT_BUNDLE_IDENTIFIER = "time-slice.time-sliceUITests";
				PRODUCT_NAME = "$(TARGET_NAME)";
				SWIFT_EMIT_LOC_STRINGS = NO;
				SWIFT_VERSION = 5.0;
				TEST_TARGET_NAME = "time-slice";
			};
			name = Release;
		};
/* End XCBuildConfiguration section */

/* Begin XCConfigurationList section */
		9FB961D02DDA47DC001BF49C /* Build configuration list for PBXProject "time-slice" */ = {
			isa = XCConfigurationList;
			buildConfigurations = (
				9FB961F82DDA47DF001BF49C /* Debug */,
				9FB961F92DDA47DF001BF49C /* Release */,
			);
			defaultConfigurationIsVisible = 0;
			defaultConfigurationName = Release;
		};
		9FB961FA2DDA47DF001BF49C /* Build configuration list for PBXNativeTarget "time-slice" */ = {
			isa = XCConfigurationList;
			buildConfigurations = (
				9FB961FB2DDA47DF001BF49C /* Debug */,
				9FB961FC2DDA47DF001BF49C /* Release */,
			);
			defaultConfigurationIsVisible = 0;
			defaultConfigurationName = Release;
		};
		9FB961FD2DDA47DF001BF49C /* Build configuration list for PBXNativeTarget "time-sliceTests" */ = {
			isa = XCConfigurationList;
			buildConfigurations = (
				9FB961FE2DDA47DF001BF49C /* Debug */,
				9FB961FF2DDA47DF001BF49C /* Release */,
			);
			defaultConfigurationIsVisible = 0;
			defaultConfigurationName = Release;
		};
		9FB962002DDA47DF001BF49C /* Build configuration list for PBXNativeTarget "time-sliceUITests" */ = {
			isa = XCConfigurationList;
			buildConfigurations = (
				9FB962012DDA47DF001BF49C /* Debug */,
				9FB962022DDA47DF001BF49C /* Release */,
			);
			defaultConfigurationIsVisible = 0;
			defaultConfigurationName = Release;
		};
/* End XCConfigurationList section */
	};
	rootObject = 9FB961CD2DDA47DC001BF49C /* Project object */;
}
